
Microsoft Visual Studio Solution File, Format Version 12.00
# Visual Studio Version 16
VisualStudioVersion = 16.0.29215.179
MinimumVisualStudioVersion = 10.0.40219.1
Project("{FAE04EC0-301F-11D3-BF4B-00C04F79EFBC}") = "Identifyusr", "Identifyusr\Identifyusr.csproj", "{FC7E1809-AB02-4D3C-8309-DC4ABD038602}"
EndProject
Global
	GlobalSection(SolutionConfigurationPlatforms) = preSolution
		Debug|Any CPU = Debug|Any CPU
		Release|Any CPU = Release|Any CPU
	EndGlobalSection
	GlobalSection(ProjectConfigurationPlatforms) = postSolution
		{FC7E1809-AB02-4D3C-8309-DC4ABD038602}.Debug|Any CPU.ActiveCfg = Debug|Any CPU
		{FC7E1809-AB02-4D3C-8309-DC4ABD038602}.Debug|Any CPU.Build.0 = Debug|Any CPU
		{FC7E1809-AB02-4D3C-8309-DC4ABD038602}.Release|Any CPU.ActiveCfg = Release|Any CPU
		{FC7E1809-AB02-4D3C-8309-DC4ABD038602}.Release|Any CPU.Build.0 = Release|Any CPU
	EndGlobalSection
	GlobalSection(SolutionProperties) = preSolution
		HideSolutionNode = FALSE
	EndGlobalSection
	GlobalSection(ExtensibilityGlobals) = postSolution
		SolutionGuid = {68A4DC17-F7E7-4228-A0E0-782D0DCFB36B}
	EndGlobalSection
EndGlobal
